
Microsoft Visual Studio Solution File, Format Version 12.00
# Visual Studio 15
VisualStudioVersion = 15.0.28307.329
MinimumVisualStudioVersion = 10.0.40219.1
Project("{FAE04EC0-301F-11D3-BF4B-00C04F79EFBC}") = "RutokenPkcs11Interop.NetStandard", "RutokenPkcs11Interop.NetStandard\RutokenPkcs11Interop.NetStandard.csproj", "{C8A59FCB-1D54-4F8D-84A1-3D3B34563C2F}"
EndProject
Global
	GlobalSection(SolutionConfigurationPlatforms) = preSolution
		Debug|Any CPU = Debug|Any CPU
		Release|Any CPU = Release|Any CPU
	EndGlobalSection
	GlobalSection(ProjectConfigurationPlatforms) = postSolution
		{C8A59FCB-1D54-4F8D-84A1-3D3B34563C2F}.Debug|Any CPU.ActiveCfg = Debug|Any CPU
		{C8A59FCB-1D54-4F8D-84A1-3D3B34563C2F}.Debug|Any CPU.Build.0 = Debug|Any CPU
		{C8A59FCB-1D54-4F8D-84A1-3D3B34563C2F}.Release|Any CPU.ActiveCfg = Release|Any CPU
		{C8A59FCB-1D54-4F8D-84A1-3D3B34563C2F}.Release|Any CPU.Build.0 = Release|Any CPU
	EndGlobalSection
	GlobalSection(SolutionProperties) = preSolution
		HideSolutionNode = FALSE
	EndGlobalSection
	GlobalSection(ExtensibilityGlobals) = postSolution
		SolutionGuid = {5D7A93F6-E7B8-46CC-8AAB-04DE292F12AB}
	EndGlobalSection
EndGlobal
